{
  "pins" : [
    {
      "identity" : "chartview",
      "kind" : "remoteSourceControl",
      "location" : "https://github.com/AppPear/ChartView",
      "state" : {
        "revision" : "7140b8b6fd7413ccbcf31b748b32233f08314dab",
        "version" : "2.0.0-beta.8"
      }
    },
    {
      "identity" : "swiftuix",
      "kind" : "remoteSourceControl",
      "location" : "https://github.com/SwiftUIX/SwiftUIX",
      "state" : {
        "branch" : "master",
        "revision" : "d9438d399b5b46e817ba040a03b0affe6a148c8f"
      }
    }
  ],
  "version" : 2
}
